
Microsoft Visual Studio Solution File, Format Version 12.00
# Visual Studio Version 17
VisualStudioVersion = 17.6.33723.286
MinimumVisualStudioVersion = 10.0.40219.1
Project("{FAE04EC0-301F-11D3-BF4B-00C04F79EFBC}") = "Day_4", "Day_4\Day_4.csproj", "{AD9CA53D-2468-4860-BBD3-293FD34DD745}"
EndProject
Global
	GlobalSection(SolutionConfigurationPlatforms) = preSolution
		Debug|Any CPU = Debug|Any CPU
		Release|Any CPU = Release|Any CPU
	EndGlobalSection
	GlobalSection(ProjectConfigurationPlatforms) = postSolution
		{AD9CA53D-2468-4860-BBD3-293FD34DD745}.Debug|Any CPU.ActiveCfg = Debug|Any CPU
		{AD9CA53D-2468-4860-BBD3-293FD34DD745}.Debug|Any CPU.Build.0 = Debug|Any CPU
		{AD9CA53D-2468-4860-BBD3-293FD34DD745}.Release|Any CPU.ActiveCfg = Release|Any CPU
		{AD9CA53D-2468-4860-BBD3-293FD34DD745}.Release|Any CPU.Build.0 = Release|Any CPU
	EndGlobalSection
	GlobalSection(SolutionProperties) = preSolution
		HideSolutionNode = FALSE
	EndGlobalSection
	GlobalSection(ExtensibilityGlobals) = postSolution
		SolutionGuid = {50D04AB2-32BA-4C3E-9ED0-C355572A1CCC}
	EndGlobalSection
EndGlobal
